{
  "version": 4,
  "terraform_version": "1.1.9",
  "serial": 4,
  "lineage": "891a092d-d945-9809-28a0-4f40f90dbd55",
  "outputs": {},
  "resources": [
    {
      "mode": "managed",
      "type": "scaleway_object_bucket",
      "name": "terraform_state",
      "provider": "provider[\"registry.terraform.io/scaleway/scaleway\"]",
      "instances": [
        {
          "schema_version": 0,
          "attributes": {
            "acl": "private",
            "cors_rule": [],
            "endpoint": "https://b4r-whisper-tfstate.s3.fr-par.scw.cloud",
            "force_destroy": false,
            "id": "fr-par/b4r-whisper-tfstate",
            "lifecycle_rule": [],
            "name": "b4r-whisper-tfstate",
            "region": null,
            "tags": {},
            "timeouts": null,
            "versioning": [
              {
                "enabled": true
              }
            ]
          },
          "sensitive_attributes": [],
          "private": "eyJlMmJmYjczMC1lY2FhLTExZTYtOGY4OC0zNDM2M2JjN2M0YzAiOnsiY3JlYXRlIjo2MDAwMDAwMDAwMDAsImRlZmF1bHQiOjYwMDAwMDAwMDAwMCwiZGVsZXRlIjo2MDAwMDAwMDAwMDAsInJlYWQiOjYwMDAwMDAwMDAwMCwidXBkYXRlIjo2MDAwMDAwMDAwMDB9fQ=="
        }
      ]
    }
  ]
}
